
Microsoft Visual Studio Solution File, Format Version 10.00
# Visual C# Express 2008
Project("{FAE04EC0-301F-11D3-BF4B-00C04F79EFBC}") = "Brazil", "Brazil\Brazil.csproj", "{325F86DA-222E-470F-A4F6-B04A3179FB2A}"
EndProject
Project("{FAE04EC0-301F-11D3-BF4B-00C04F79EFBC}") = "Cogwheel SlimDX", "Cogwheel SlimDX\Cogwheel SlimDX.csproj", "{BA61BC42-6CB2-4913-B29A-D18D1C38113A}"
EndProject
Project("{FAE04EC0-301F-11D3-BF4B-00C04F79EFBC}") = "Sega", "Sega\Sega.csproj", "{A59F09F7-37CE-409C-B290-7C6B160E0B11}"
EndProject
Project("{FAE04EC0-301F-11D3-BF4B-00C04F79EFBC}") = "State Thumbnailer", "State Thumbnailer\State Thumbnailer.csproj", "{9C70CCCD-633D-4A9B-A87A-C5EBD6F6D0FD}"
EndProject
Project("{FAE04EC0-301F-11D3-BF4B-00C04F79EFBC}") = "Z80 Tester", "Z80 Tester\Z80 Tester.csproj", "{0DFE4A00-43B9-412B-81DD-B82848518D94}"
EndProject
Global
	GlobalSection(SolutionConfigurationPlatforms) = preSolution
		Debug|Any CPU = Debug|Any CPU
		Release|Any CPU = Release|Any CPU
	EndGlobalSection
	GlobalSection(ProjectConfigurationPlatforms) = postSolution
		{325F86DA-222E-470F-A4F6-B04A3179FB2A}.Debug|Any CPU.ActiveCfg = Debug|Any CPU
		{325F86DA-222E-470F-A4F6-B04A3179FB2A}.Debug|Any CPU.Build.0 = Debug|Any CPU
		{325F86DA-222E-470F-A4F6-B04A3179FB2A}.Release|Any CPU.ActiveCfg = Release|Any CPU
		{325F86DA-222E-470F-A4F6-B04A3179FB2A}.Release|Any CPU.Build.0 = Release|Any CPU
		{BA61BC42-6CB2-4913-B29A-D18D1C38113A}.Debug|Any CPU.ActiveCfg = Debug|Any CPU
		{BA61BC42-6CB2-4913-B29A-D18D1C38113A}.Debug|Any CPU.Build.0 = Debug|Any CPU
		{BA61BC42-6CB2-4913-B29A-D18D1C38113A}.Release|Any CPU.ActiveCfg = Release|Any CPU
		{BA61BC42-6CB2-4913-B29A-D18D1C38113A}.Release|Any CPU.Build.0 = Release|Any CPU
		{A59F09F7-37CE-409C-B290-7C6B160E0B11}.Debug|Any CPU.ActiveCfg = Debug|Any CPU
		{A59F09F7-37CE-409C-B290-7C6B160E0B11}.Debug|Any CPU.Build.0 = Debug|Any CPU
		{A59F09F7-37CE-409C-B290-7C6B160E0B11}.Release|Any CPU.ActiveCfg = Release|Any CPU
		{A59F09F7-37CE-409C-B290-7C6B160E0B11}.Release|Any CPU.Build.0 = Release|Any CPU
		{9C70CCCD-633D-4A9B-A87A-C5EBD6F6D0FD}.Debug|Any CPU.ActiveCfg = Debug|Any CPU
		{9C70CCCD-633D-4A9B-A87A-C5EBD6F6D0FD}.Debug|Any CPU.Build.0 = Debug|Any CPU
		{9C70CCCD-633D-4A9B-A87A-C5EBD6F6D0FD}.Release|Any CPU.ActiveCfg = Release|Any CPU
		{9C70CCCD-633D-4A9B-A87A-C5EBD6F6D0FD}.Release|Any CPU.Build.0 = Release|Any CPU
		{0DFE4A00-43B9-412B-81DD-B82848518D94}.Debug|Any CPU.ActiveCfg = Debug|Any CPU
		{0DFE4A00-43B9-412B-81DD-B82848518D94}.Debug|Any CPU.Build.0 = Debug|Any CPU
		{0DFE4A00-43B9-412B-81DD-B82848518D94}.Release|Any CPU.ActiveCfg = Release|Any CPU
		{0DFE4A00-43B9-412B-81DD-B82848518D94}.Release|Any CPU.Build.0 = Release|Any CPU
	EndGlobalSection
	GlobalSection(SolutionProperties) = preSolution
		HideSolutionNode = FALSE
	EndGlobalSection
EndGlobal
